
Microsoft Visual Studio Solution File, Format Version 12.00
# Visual Studio Version 17
VisualStudioVersion = 17.3.32922.545
MinimumVisualStudioVersion = 10.0.40219.1
Project("{FAE04EC0-301F-11D3-BF4B-00C04F79EFBC}") = "Asp_Net-Core-6-Web-Api-Setup", "Asp_Net-Core-6-Web-Api-Setup.csproj", "{D3B876EC-B0D7-48BB-9D7E-CC9E34EBA03E}"
EndProject
Global
	GlobalSection(SolutionConfigurationPlatforms) = preSolution
		Debug|Any CPU = Debug|Any CPU
		Release|Any CPU = Release|Any CPU
	EndGlobalSection
	GlobalSection(ProjectConfigurationPlatforms) = postSolution
		{D3B876EC-B0D7-48BB-9D7E-CC9E34EBA03E}.Debug|Any CPU.ActiveCfg = Debug|Any CPU
		{D3B876EC-B0D7-48BB-9D7E-CC9E34EBA03E}.Debug|Any CPU.Build.0 = Debug|Any CPU
		{D3B876EC-B0D7-48BB-9D7E-CC9E34EBA03E}.Release|Any CPU.ActiveCfg = Release|Any CPU
		{D3B876EC-B0D7-48BB-9D7E-CC9E34EBA03E}.Release|Any CPU.Build.0 = Release|Any CPU
	EndGlobalSection
	GlobalSection(SolutionProperties) = preSolution
		HideSolutionNode = FALSE
	EndGlobalSection
	GlobalSection(ExtensibilityGlobals) = postSolution
		SolutionGuid = {F679E454-F6A2-458F-BE99-08D0E5ACC841}
	EndGlobalSection
EndGlobal
